// !$*UTF8*$!
{
	archiveVersion = 1;
	classes = {
	};
	objectVersion = 56;
	objects = {

/* Begin PBXBuildFile section */
		E51000001 /* AgonApp.swift in Sources */ = {isa = PBXBuildFile; fileRef = E52000001 /* AgonApp.swift */; };
		E51000002 /* ContentView.swift in Sources */ = {isa = PBXBuildFile; fileRef = E52000002 /* ContentView.swift */; };
		E51000003 /* DashboardView.swift in Sources */ = {isa = PBXBuildFile; fileRef = E52000003 /* DashboardView.swift */; };
		E51000004 /* ChallengesView.swift in Sources */ = {isa = PBXBuildFile; fileRef = E52000004 /* ChallengesView.swift */; };
		E51000005 /* InsightsView.swift in Sources */ = {isa = PBXBuildFile; fileRef = E52000005 /* InsightsView.swift */; };
		E51000006 /* CommunityView.swift in Sources */ = {isa = PBXBuildFile; fileRef = E52000006 /* CommunityView.swift */; };
		E51000007 /* ProfileView.swift in Sources */ = {isa = PBXBuildFile; fileRef = E52000007 /* ProfileView.swift */; };
		E51000008 /* Assets.xcassets in Resources */ = {isa = PBXBuildFile; fileRef = E52000008 /* Assets.xcassets */; };
		E51000009 /* Color+Agon.swift in Sources */ = {isa = PBXBuildFile; fileRef = E52000010 /* Color+Agon.swift */; };
		E51000010 /* HealthMetric.swift in Sources */ = {isa = PBXBuildFile; fileRef = E52000011 /* HealthMetric.swift */; };
		E51000011 /* HealthKitService.swift in Sources */ = {isa = PBXBuildFile; fileRef = E52000012 /* HealthKitService.swift */; };
		E51000012 /* DashboardViewModel.swift in Sources */ = {isa = PBXBuildFile; fileRef = E52000013 /* DashboardViewModel.swift */; };
		E51000013 /* HealthKit.framework in Frameworks */ = {isa = PBXBuildFile; fileRef = E52000014 /* HealthKit.framework */; };
		E51000014 /* AuthService.swift in Sources */ = {isa = PBXBuildFile; fileRef = E52000016 /* AuthService.swift */; };
		E51000015 /* SignInView.swift in Sources */ = {isa = PBXBuildFile; fileRef = E52000017 /* SignInView.swift */; };
		E51000016 /* OnboardingView.swift in Sources */ = {isa = PBXBuildFile; fileRef = E52000018 /* OnboardingView.swift */; };
		E51000017 /* AuthenticationServices.framework in Frameworks */ = {isa = PBXBuildFile; fileRef = E52000019 /* AuthenticationServices.framework */; };
		E51000018 /* CognitoService.swift in Sources */ = {isa = PBXBuildFile; fileRef = E52000020 /* CognitoService.swift */; };
		E51000019 /* APIService.swift in Sources */ = {isa = PBXBuildFile; fileRef = E52000021 /* APIService.swift */; };
		E51000020 /* LeaderboardViewModel.swift in Sources */ = {isa = PBXBuildFile; fileRef = E52000022 /* LeaderboardViewModel.swift */; };
		E51000021 /* Challenge.swift in Sources */ = {isa = PBXBuildFile; fileRef = E52000023 /* Challenge.swift */; };
		E51000022 /* ChallengesViewModel.swift in Sources */ = {isa = PBXBuildFile; fileRef = E52000024 /* ChallengesViewModel.swift */; };
		E51000023 /* CreateChallengeView.swift in Sources */ = {isa = PBXBuildFile; fileRef = E52000025 /* CreateChallengeView.swift */; };
		E51000024 /* FriendsViewModel.swift in Sources */ = {isa = PBXBuildFile; fileRef = E52000026 /* FriendsViewModel.swift */; };
		E51000025 /* AddFriendView.swift in Sources */ = {isa = PBXBuildFile; fileRef = E52000027 /* AddFriendView.swift */; };
		E51000026 /* WelcomeView.swift in Sources */ = {isa = PBXBuildFile; fileRef = E52000028 /* WelcomeView.swift */; };
		E51000027 /* NetworkMonitor.swift in Sources */ = {isa = PBXBuildFile; fileRef = E52000029 /* NetworkMonitor.swift */; };
		E51000028 /* SharedComponents.swift in Sources */ = {isa = PBXBuildFile; fileRef = E52000030 /* SharedComponents.swift */; };
		E51000029 /* FeedbackView.swift in Sources */ = {isa = PBXBuildFile; fileRef = E52000031 /* FeedbackView.swift */; };
		E51000030 /* ChallengeDetailView.swift in Sources */ = {isa = PBXBuildFile; fileRef = E52000032 /* ChallengeDetailView.swift */; };
		E51000031 /* FriendProfileView.swift in Sources */ = {isa = PBXBuildFile; fileRef = E52000033 /* FriendProfileView.swift */; };
/* End PBXBuildFile section */

/* Begin PBXFileReference section */
		E52000001 /* AgonApp.swift */ = {isa = PBXFileReference; lastKnownFileType = sourcecode.swift; path = AgonApp.swift; sourceTree = "<group>"; };
		E52000002 /* ContentView.swift */ = {isa = PBXFileReference; lastKnownFileType = sourcecode.swift; path = ContentView.swift; sourceTree = "<group>"; };
		E52000003 /* DashboardView.swift */ = {isa = PBXFileReference; lastKnownFileType = sourcecode.swift; path = DashboardView.swift; sourceTree = "<group>"; };
		E52000004 /* ChallengesView.swift */ = {isa = PBXFileReference; lastKnownFileType = sourcecode.swift; path = ChallengesView.swift; sourceTree = "<group>"; };
		E52000005 /* InsightsView.swift */ = {isa = PBXFileReference; lastKnownFileType = sourcecode.swift; path = InsightsView.swift; sourceTree = "<group>"; };
		E52000006 /* CommunityView.swift */ = {isa = PBXFileReference; lastKnownFileType = sourcecode.swift; path = CommunityView.swift; sourceTree = "<group>"; };
		E52000007 /* ProfileView.swift */ = {isa = PBXFileReference; lastKnownFileType = sourcecode.swift; path = ProfileView.swift; sourceTree = "<group>"; };
		E52000008 /* Assets.xcassets */ = {isa = PBXFileReference; lastKnownFileType = folder.assetcatalog; path = Assets.xcassets; sourceTree = "<group>"; };
		E52000009 /* Agon Health.app */ = {isa = PBXFileReference; explicitFileType = wrapper.application; includeInIndex = 0; path = "Agon Health.app"; sourceTree = BUILT_PRODUCTS_DIR; };
		E52000010 /* Color+Agon.swift */ = {isa = PBXFileReference; lastKnownFileType = sourcecode.swift; path = "Color+Agon.swift"; sourceTree = "<group>"; };
		E52000011 /* HealthMetric.swift */ = {isa = PBXFileReference; lastKnownFileType = sourcecode.swift; path = HealthMetric.swift; sourceTree = "<group>"; };
		E52000012 /* HealthKitService.swift */ = {isa = PBXFileReference; lastKnownFileType = sourcecode.swift; path = HealthKitService.swift; sourceTree = "<group>"; };
		E52000013 /* DashboardViewModel.swift */ = {isa = PBXFileReference; lastKnownFileType = sourcecode.swift; path = DashboardViewModel.swift; sourceTree = "<group>"; };
		E52000014 /* HealthKit.framework */ = {isa = PBXFileReference; lastKnownFileType = wrapper.framework; name = HealthKit.framework; path = System/Library/Frameworks/HealthKit.framework; sourceTree = SDKROOT; };
		E52000015 /* Agon.entitlements */ = {isa = PBXFileReference; lastKnownFileType = text.plist.entitlements; path = Agon.entitlements; sourceTree = "<group>"; };
		E52000016 /* AuthService.swift */ = {isa = PBXFileReference; lastKnownFileType = sourcecode.swift; path = AuthService.swift; sourceTree = "<group>"; };
		E52000017 /* SignInView.swift */ = {isa = PBXFileReference; lastKnownFileType = sourcecode.swift; path = SignInView.swift; sourceTree = "<group>"; };
		E52000018 /* OnboardingView.swift */ = {isa = PBXFileReference; lastKnownFileType = sourcecode.swift; path = OnboardingView.swift; sourceTree = "<group>"; };
		E52000019 /* AuthenticationServices.framework */ = {isa = PBXFileReference; lastKnownFileType = wrapper.framework; name = AuthenticationServices.framework; path = System/Library/Frameworks/AuthenticationServices.framework; sourceTree = SDKROOT; };
		E52000020 /* CognitoService.swift */ = {isa = PBXFileReference; lastKnownFileType = sourcecode.swift; path = CognitoService.swift; sourceTree = "<group>"; };
		E52000021 /* APIService.swift */ = {isa = PBXFileReference; lastKnownFileType = sourcecode.swift; path = APIService.swift; sourceTree = "<group>"; };
		E52000022 /* LeaderboardViewModel.swift */ = {isa = PBXFileReference; lastKnownFileType = sourcecode.swift; path = LeaderboardViewModel.swift; sourceTree = "<group>"; };
		E52000023 /* Challenge.swift */ = {isa = PBXFileReference; lastKnownFileType = sourcecode.swift; path = Challenge.swift; sourceTree = "<group>"; };
		E52000024 /* ChallengesViewModel.swift */ = {isa = PBXFileReference; lastKnownFileType = sourcecode.swift; path = ChallengesViewModel.swift; sourceTree = "<group>"; };
		E52000025 /* CreateChallengeView.swift */ = {isa = PBXFileReference; lastKnownFileType = sourcecode.swift; path = CreateChallengeView.swift; sourceTree = "<group>"; };
		E52000026 /* FriendsViewModel.swift */ = {isa = PBXFileReference; lastKnownFileType = sourcecode.swift; path = FriendsViewModel.swift; sourceTree = "<group>"; };
		E52000027 /* AddFriendView.swift */ = {isa = PBXFileReference; lastKnownFileType = sourcecode.swift; path = AddFriendView.swift; sourceTree = "<group>"; };
		E52000028 /* WelcomeView.swift */ = {isa = PBXFileReference; lastKnownFileType = sourcecode.swift; path = WelcomeView.swift; sourceTree = "<group>"; };
		E52000029 /* NetworkMonitor.swift */ = {isa = PBXFileReference; lastKnownFileType = sourcecode.swift; path = NetworkMonitor.swift; sourceTree = "<group>"; };
		E52000030 /* SharedComponents.swift */ = {isa = PBXFileReference; lastKnownFileType = sourcecode.swift; path = SharedComponents.swift; sourceTree = "<group>"; };
		E52000031 /* FeedbackView.swift */ = {isa = PBXFileReference; lastKnownFileType = sourcecode.swift; path = FeedbackView.swift; sourceTree = "<group>"; };
		E52000032 /* ChallengeDetailView.swift */ = {isa = PBXFileReference; lastKnownFileType = sourcecode.swift; path = ChallengeDetailView.swift; sourceTree = "<group>"; };
		E52000033 /* FriendProfileView.swift */ = {isa = PBXFileReference; lastKnownFileType = sourcecode.swift; path = FriendProfileView.swift; sourceTree = "<group>"; };
/* End PBXFileReference section */

/* Begin PBXFrameworksBuildPhase section */
		E53000001 /* Frameworks */ = {
			isa = PBXFrameworksBuildPhase;
			buildActionMask = 2147483647;
			files = (
				E51000013 /* HealthKit.framework in Frameworks */,
				E51000017 /* AuthenticationServices.framework in Frameworks */,
			);
			runOnlyForDeploymentPostprocessing = 0;
		};
/* End PBXFrameworksBuildPhase section */

/* Begin PBXGroup section */
		E54000001 = {
			isa = PBXGroup;
			children = (
				E54000002 /* Agon */,
				E54000006 /* Frameworks */,
				E54000005 /* Products */,
			);
			sourceTree = "<group>";
		};
		E54000002 /* Agon */ = {
			isa = PBXGroup;
			children = (
				E52000015 /* Agon.entitlements */,
				E52000001 /* AgonApp.swift */,
				E52000002 /* ContentView.swift */,
				E54000003 /* Views */,
				E54000007 /* Models */,
				E54000008 /* Services */,
				E54000009 /* ViewModels */,
				E5400000A /* Components */,
				E54000004 /* Utilities */,
				E52000008 /* Assets.xcassets */,
			);
			path = Agon;
			sourceTree = "<group>";
		};
		E54000003 /* Views */ = {
			isa = PBXGroup;
			children = (
				E52000003 /* DashboardView.swift */,
				E52000004 /* ChallengesView.swift */,
				E52000025 /* CreateChallengeView.swift */,
				E52000027 /* AddFriendView.swift */,
				E52000028 /* WelcomeView.swift */,
				E52000031 /* FeedbackView.swift */,
				E52000032 /* ChallengeDetailView.swift */,
				E52000033 /* FriendProfileView.swift */,
				E52000005 /* InsightsView.swift */,
				E52000006 /* CommunityView.swift */,
				E52000007 /* ProfileView.swift */,
				E52000017 /* SignInView.swift */,
				E52000018 /* OnboardingView.swift */,
			);
			path = Views;
			sourceTree = "<group>";
		};
		E54000004 /* Utilities */ = {
			isa = PBXGroup;
			children = (
				E52000010 /* Color+Agon.swift */,
			);
			path = Utilities;
			sourceTree = "<group>";
		};
		E54000005 /* Products */ = {
			isa = PBXGroup;
			children = (
				E52000009 /* Agon Health.app */,
			);
			name = Products;
			sourceTree = "<group>";
		};
		E54000006 /* Frameworks */ = {
			isa = PBXGroup;
			children = (
				E52000014 /* HealthKit.framework */,
				E52000019 /* AuthenticationServices.framework */,
			);
			name = Frameworks;
			sourceTree = "<group>";
		};
		E54000007 /* Models */ = {
			isa = PBXGroup;
			children = (
				E52000011 /* HealthMetric.swift */,
				E52000023 /* Challenge.swift */,
			);
			path = Models;
			sourceTree = "<group>";
		};
		E54000008 /* Services */ = {
			isa = PBXGroup;
			children = (
				E52000012 /* HealthKitService.swift */,
				E52000016 /* AuthService.swift */,
				E52000020 /* CognitoService.swift */,
				E52000021 /* APIService.swift */,
				E52000029 /* NetworkMonitor.swift */,
			);
			path = Services;
			sourceTree = "<group>";
		};
		E54000009 /* ViewModels */ = {
			isa = PBXGroup;
			children = (
				E52000013 /* DashboardViewModel.swift */,
				E52000022 /* LeaderboardViewModel.swift */,
				E52000024 /* ChallengesViewModel.swift */,
				E52000026 /* FriendsViewModel.swift */,
			);
			path = ViewModels;
			sourceTree = "<group>";
		};
		E5400000A /* Components */ = {
			isa = PBXGroup;
			children = (
				E52000030 /* SharedComponents.swift */,
			);
			path = Components;
			sourceTree = "<group>";
		};
/* End PBXGroup section */

/* Begin PBXNativeTarget section */
		E55000001 /* Agon */ = {
			isa = PBXNativeTarget;
			buildConfigurationList = E57000003 /* Build configuration list for PBXNativeTarget "Agon" */;
			buildPhases = (
				E56000001 /* Sources */,
				E53000001 /* Frameworks */,
				E56000002 /* Resources */,
			);
			buildRules = (
			);
			dependencies = (
			);
			name = Agon;
			productName = Agon;
			productReference = E52000009 /* Agon Health.app */;
			productType = "com.apple.product-type.application";
		};
/* End PBXNativeTarget section */

/* Begin PBXProject section */
		E58000001 /* Project object */ = {
			isa = PBXProject;
			attributes = {
				BuildIndependentTargetsInParallel = 1;
				LastSwiftUpdateCheck = 1500;
				LastUpgradeCheck = 2660;
				TargetAttributes = {
					E55000001 = {
						CreatedOnToolsVersion = 15.0;
						SystemCapabilities = {
							com.apple.HealthKit = {
								enabled = 1;
							};
						};
					};
				};
			};
			buildConfigurationList = E57000001 /* Build configuration list for PBXProject "Agon" */;
			compatibilityVersion = "Xcode 14.0";
			developmentRegion = en;
			hasScannedForEncodings = 0;
			knownRegions = (
				en,
				Base,
			);
			mainGroup = E54000001;
			productRefGroup = E54000005 /* Products */;
			projectDirPath = "";
			projectRoot = "";
			targets = (
				E55000001 /* Agon */,
			);
		};
/* End PBXProject section */

/* Begin PBXResourcesBuildPhase section */
		E56000002 /* Resources */ = {
			isa = PBXResourcesBuildPhase;
			buildActionMask = 2147483647;
			files = (
				E51000008 /* Assets.xcassets in Resources */,
			);
			runOnlyForDeploymentPostprocessing = 0;
		};
/* End PBXResourcesBuildPhase section */

/* Begin PBXSourcesBuildPhase section */
		E56000001 /* Sources */ = {
			isa = PBXSourcesBuildPhase;
			buildActionMask = 2147483647;
			files = (
				E51000001 /* AgonApp.swift in Sources */,
				E51000002 /* ContentView.swift in Sources */,
				E51000003 /* DashboardView.swift in Sources */,
				E51000004 /* ChallengesView.swift in Sources */,
				E51000005 /* InsightsView.swift in Sources */,
				E51000006 /* CommunityView.swift in Sources */,
				E51000007 /* ProfileView.swift in Sources */,
				E51000009 /* Color+Agon.swift in Sources */,
				E51000010 /* HealthMetric.swift in Sources */,
				E51000011 /* HealthKitService.swift in Sources */,
				E51000012 /* DashboardViewModel.swift in Sources */,
				E51000014 /* AuthService.swift in Sources */,
				E51000015 /* SignInView.swift in Sources */,
				E51000016 /* OnboardingView.swift in Sources */,
				E51000018 /* CognitoService.swift in Sources */,
				E51000019 /* APIService.swift in Sources */,
				E51000020 /* LeaderboardViewModel.swift in Sources */,
				E51000021 /* Challenge.swift in Sources */,
				E51000022 /* ChallengesViewModel.swift in Sources */,
				E51000023 /* CreateChallengeView.swift in Sources */,
				E51000024 /* FriendsViewModel.swift in Sources */,
				E51000025 /* AddFriendView.swift in Sources */,
				E51000026 /* WelcomeView.swift in Sources */,
				E51000027 /* NetworkMonitor.swift in Sources */,
				E51000028 /* SharedComponents.swift in Sources */,
				E51000029 /* FeedbackView.swift in Sources */,
				E51000030 /* ChallengeDetailView.swift in Sources */,
				E51000031 /* FriendProfileView.swift in Sources */,
			);
			runOnlyForDeploymentPostprocessing = 0;
		};
/* End PBXSourcesBuildPhase section */

/* Begin XCBuildConfiguration section */
		E59000001 /* Debug */ = {
			isa = XCBuildConfiguration;
			buildSettings = {
				ALWAYS_SEARCH_USER_PATHS = NO;
				ASSETCATALOG_COMPILER_GENERATE_SWIFT_ASSET_SYMBOL_EXTENSIONS = YES;
				CLANG_ANALYZER_NONNULL = YES;
				CLANG_CXX_LANGUAGE_STANDARD = "gnu++20";
				CLANG_ENABLE_MODULES = YES;
				CLANG_ENABLE_OBJC_ARC = YES;
				CLANG_WARN_BLOCK_CAPTURE_AUTORELEASING = YES;
				CLANG_WARN_BOOL_CONVERSION = YES;
				CLANG_WARN_COMMA = YES;
				CLANG_WARN_CONSTANT_CONVERSION = YES;
				CLANG_WARN_DEPRECATED_OBJC_IMPLEMENTATIONS = YES;
				CLANG_WARN_EMPTY_BODY = YES;
				CLANG_WARN_ENUM_CONVERSION = YES;
				CLANG_WARN_INFINITE_RECURSION = YES;
				CLANG_WARN_INT_CONVERSION = YES;
				CLANG_WARN_NON_LITERAL_NULL_CONVERSION = YES;
				CLANG_WARN_OBJC_IMPLICIT_RETAIN_SELF = YES;
				CLANG_WARN_OBJC_LITERAL_CONVERSION = YES;
				CLANG_WARN_QUOTED_INCLUDE_IN_FRAMEWORK_HEADER = YES;
				CLANG_WARN_RANGE_LOOP_ANALYSIS = YES;
				CLANG_WARN_STRICT_PROTOTYPES = YES;
				CLANG_WARN_SUSPICIOUS_MOVE = YES;
				CLANG_WARN_UNREACHABLE_CODE = YES;
				CLANG_WARN__DUPLICATE_METHOD_MATCH = YES;
				COPY_PHASE_STRIP = NO;
				DEBUG_INFORMATION_FORMAT = dwarf;
				DEVELOPMENT_TEAM = 5XU2ZW3YP4;
				ENABLE_STRICT_OBJC_MSGSEND = YES;
				ENABLE_TESTABILITY = YES;
				ENABLE_USER_SCRIPT_SANDBOXING = YES;
				GCC_DYNAMIC_NO_PIC = NO;
				GCC_NO_COMMON_BLOCKS = YES;
				GCC_OPTIMIZATION_LEVEL = 0;
				GCC_PREPROCESSOR_DEFINITIONS = (
					"DEBUG=1",
					"$(inherited)",
				);
				GCC_WARN_64_TO_32_BIT_CONVERSION = YES;
				GCC_WARN_ABOUT_RETURN_TYPE = YES_ERROR;
				GCC_WARN_UNDECLARED_SELECTOR = YES;
				GCC_WARN_UNINITIALIZED_AUTOS = YES_AGGRESSIVE;
				GCC_WARN_UNUSED_FUNCTION = YES;
				GCC_WARN_UNUSED_VARIABLE = YES;
				IPHONEOS_DEPLOYMENT_TARGET = 17.0;
				MTL_ENABLE_DEBUG_INFO = INCLUDE_SOURCE;
				ONLY_ACTIVE_ARCH = YES;
				SDKROOT = iphoneos;
				STRING_CATALOG_GENERATE_SYMBOLS = YES;
				SWIFT_ACTIVE_COMPILATION_CONDITIONS = "DEBUG $(inherited)";
				SWIFT_OPTIMIZATION_LEVEL = "-Onone";
			};
			name = Debug;
		};
		E59000002 /* Release */ = {
			isa = XCBuildConfiguration;
			buildSettings = {
				ALWAYS_SEARCH_USER_PATHS = NO;
				ASSETCATALOG_COMPILER_GENERATE_SWIFT_ASSET_SYMBOL_EXTENSIONS = YES;
				CLANG_ANALYZER_NONNULL = YES;
				CLANG_CXX_LANGUAGE_STANDARD = "gnu++20";
				CLANG_ENABLE_MODULES = YES;
				CLANG_ENABLE_OBJC_ARC = YES;
				CLANG_WARN_BLOCK_CAPTURE_AUTORELEASING = YES;
				CLANG_WARN_BOOL_CONVERSION = YES;
				CLANG_WARN_COMMA = YES;
				CLANG_WARN_CONSTANT_CONVERSION = YES;
				CLANG_WARN_DEPRECATED_OBJC_IMPLEMENTATIONS = YES;
				CLANG_WARN_EMPTY_BODY = YES;
				CLANG_WARN_ENUM_CONVERSION = YES;
				CLANG_WARN_INFINITE_RECURSION = YES;
				CLANG_WARN_INT_CONVERSION = YES;
				CLANG_WARN_NON_LITERAL_NULL_CONVERSION = YES;
				CLANG_WARN_OBJC_IMPLICIT_RETAIN_SELF = YES;
				CLANG_WARN_OBJC_LITERAL_CONVERSION = YES;
				CLANG_WARN_QUOTED_INCLUDE_IN_FRAMEWORK_HEADER = YES;
				CLANG_WARN_RANGE_LOOP_ANALYSIS = YES;
				CLANG_WARN_STRICT_PROTOTYPES = YES;
				CLANG_WARN_SUSPICIOUS_MOVE = YES;
				CLANG_WARN_UNREACHABLE_CODE = YES;
				CLANG_WARN__DUPLICATE_METHOD_MATCH = YES;
				COPY_PHASE_STRIP = NO;
				DEBUG_INFORMATION_FORMAT = "dwarf-with-dsym";
				DEVELOPMENT_TEAM = 5XU2ZW3YP4;
				ENABLE_NS_ASSERTIONS = NO;
				ENABLE_STRICT_OBJC_MSGSEND = YES;
				ENABLE_USER_SCRIPT_SANDBOXING = YES;
				GCC_NO_COMMON_BLOCKS = YES;
				GCC_WARN_64_TO_32_BIT_CONVERSION = YES;
				GCC_WARN_ABOUT_RETURN_TYPE = YES_ERROR;
				GCC_WARN_UNDECLARED_SELECTOR = YES;
				GCC_WARN_UNINITIALIZED_AUTOS = YES_AGGRESSIVE;
				GCC_WARN_UNUSED_FUNCTION = YES;
				GCC_WARN_UNUSED_VARIABLE = YES;
				IPHONEOS_DEPLOYMENT_TARGET = 17.0;
				MTL_ENABLE_DEBUG_INFO = NO;
				SDKROOT = iphoneos;
				STRING_CATALOG_GENERATE_SYMBOLS = YES;
				SWIFT_COMPILATION_MODE = wholemodule;
				VALIDATE_PRODUCT = YES;
			};
			name = Release;
		};
		E59000003 /* Debug */ = {
			isa = XCBuildConfiguration;
			buildSettings = {
				ASSETCATALOG_COMPILER_APPICON_NAME = AppIcon;
				ASSETCATALOG_COMPILER_GLOBAL_ACCENT_COLOR_NAME = AccentColor;
				ASSETCATALOG_COMPILER_INCLUDE_ALL_APPICON_ASSETS = YES;
				CODE_SIGN_ENTITLEMENTS = Agon/Agon.entitlements;
				CODE_SIGN_STYLE = Automatic;
				CURRENT_PROJECT_VERSION = 1;
				DEVELOPMENT_TEAM = 5XU2ZW3YP4;
				GENERATE_INFOPLIST_FILE = YES;
				INFOPLIST_FILE = Agon/Info.plist;
				INFOPLIST_KEY_CFBundleDisplayName = Agon;
				INFOPLIST_KEY_LSApplicationCategoryType = "public.app-category.healthcare-fitness";
				INFOPLIST_KEY_UIApplicationSceneManifest_Generation = YES;
				INFOPLIST_KEY_UIApplicationSupportsIndirectInputEvents = YES;
				INFOPLIST_KEY_UILaunchScreen_Generation = YES;
				INFOPLIST_KEY_UISupportedInterfaceOrientations_iPad = "UIInterfaceOrientationPortrait UIInterfaceOrientationPortraitUpsideDown UIInterfaceOrientationLandscapeLeft UIInterfaceOrientationLandscapeRight";
				INFOPLIST_KEY_UISupportedInterfaceOrientations_iPhone = "UIInterfaceOrientationPortrait UIInterfaceOrientationLandscapeLeft UIInterfaceOrientationLandscapeRight";
				LD_RUNPATH_SEARCH_PATHS = (
					"$(inherited)",
					"@executable_path/Frameworks",
				);
				MARKETING_VERSION = 1.0;
				PRODUCT_BUNDLE_IDENTIFIER = com.agonhealth.app;
				PRODUCT_NAME = "Agon Health";
				SWIFT_EMIT_LOC_STRINGS = YES;
				SWIFT_VERSION = 5.0;
				TARGETED_DEVICE_FAMILY = "1,2";
			};
			name = Debug;
		};
		E59000004 /* Release */ = {
			isa = XCBuildConfiguration;
			buildSettings = {
				ASSETCATALOG_COMPILER_APPICON_NAME = AppIcon;
				ASSETCATALOG_COMPILER_GLOBAL_ACCENT_COLOR_NAME = AccentColor;
				ASSETCATALOG_COMPILER_INCLUDE_ALL_APPICON_ASSETS = YES;
				CODE_SIGN_ENTITLEMENTS = Agon/Agon.entitlements;
				CODE_SIGN_STYLE = Automatic;
				CURRENT_PROJECT_VERSION = 1;
				DEVELOPMENT_TEAM = 5XU2ZW3YP4;
				GENERATE_INFOPLIST_FILE = YES;
				INFOPLIST_FILE = Agon/Info.plist;
				INFOPLIST_KEY_CFBundleDisplayName = Agon;
				INFOPLIST_KEY_LSApplicationCategoryType = "public.app-category.healthcare-fitness";
				INFOPLIST_KEY_UIApplicationSceneManifest_Generation = YES;
				INFOPLIST_KEY_UIApplicationSupportsIndirectInputEvents = YES;
				INFOPLIST_KEY_UILaunchScreen_Generation = YES;
				INFOPLIST_KEY_UISupportedInterfaceOrientations_iPad = "UIInterfaceOrientationPortrait UIInterfaceOrientationPortraitUpsideDown UIInterfaceOrientationLandscapeLeft UIInterfaceOrientationLandscapeRight";
				INFOPLIST_KEY_UISupportedInterfaceOrientations_iPhone = "UIInterfaceOrientationPortrait UIInterfaceOrientationLandscapeLeft UIInterfaceOrientationLandscapeRight";
				LD_RUNPATH_SEARCH_PATHS = (
					"$(inherited)",
					"@executable_path/Frameworks",
				);
				MARKETING_VERSION = 1.0;
				PRODUCT_BUNDLE_IDENTIFIER = com.agonhealth.app;
				PRODUCT_NAME = "Agon Health";
				SWIFT_EMIT_LOC_STRINGS = YES;
				SWIFT_VERSION = 5.0;
				TARGETED_DEVICE_FAMILY = "1,2";
			};
			name = Release;
		};
/* End XCBuildConfiguration section */

/* Begin XCConfigurationList section */
		E57000001 /* Build configuration list for PBXProject "Agon" */ = {
			isa = XCConfigurationList;
			buildConfigurations = (
				E59000001 /* Debug */,
				E59000002 /* Release */,
			);
			defaultConfigurationIsVisible = 0;
			defaultConfigurationName = Release;
		};
		E57000003 /* Build configuration list for PBXNativeTarget "Agon" */ = {
			isa = XCConfigurationList;
			buildConfigurations = (
				E59000003 /* Debug */,
				E59000004 /* Release */,
			);
			defaultConfigurationIsVisible = 0;
			defaultConfigurationName = Release;
		};
/* End XCConfigurationList section */
	};
	rootObject = E58000001 /* Project object */;
}
